
Microsoft Visual Studio Solution File, Format Version 12.00
# Visual Studio for Mac
Project("{FAE04EC0-301F-11D3-BF4B-00C04F79EFBC}") = "Readme", "Assembly-CSharp.csproj", "{745C9FFD-DF0C-0EC7-7363-4443346C1811}"
EndProject
Project("{FAE04EC0-301F-11D3-BF4B-00C04F79EFBC}") = "Readme", "Assembly-CSharp-Editor.csproj", "{F496DE02-2516-4574-1FAD-84B5F28AD426}"
EndProject
Global
	GlobalSection(SolutionConfigurationPlatforms) = preSolution
		Debug|Any CPU = Debug|Any CPU
		Release|Any CPU = Release|Any CPU
	EndGlobalSection
	GlobalSection(ProjectConfigurationPlatforms) = postSolution
		{745C9FFD-DF0C-0EC7-7363-4443346C1811}.Debug|Any CPU.ActiveCfg = Debug|Any CPU
		{745C9FFD-DF0C-0EC7-7363-4443346C1811}.Debug|Any CPU.Build.0 = Debug|Any CPU
		{745C9FFD-DF0C-0EC7-7363-4443346C1811}.Release|Any CPU.ActiveCfg = Release|Any CPU
		{745C9FFD-DF0C-0EC7-7363-4443346C1811}.Release|Any CPU.Build.0 = Release|Any CPU
		{F496DE02-2516-4574-1FAD-84B5F28AD426}.Debug|Any CPU.ActiveCfg = Debug|Any CPU
		{F496DE02-2516-4574-1FAD-84B5F28AD426}.Debug|Any CPU.Build.0 = Debug|Any CPU
		{F496DE02-2516-4574-1FAD-84B5F28AD426}.Release|Any CPU.ActiveCfg = Release|Any CPU
		{F496DE02-2516-4574-1FAD-84B5F28AD426}.Release|Any CPU.Build.0 = Release|Any CPU
	EndGlobalSection
	GlobalSection(SolutionProperties) = preSolution
		HideSolutionNode = FALSE
	EndGlobalSection
EndGlobal
